
Microsoft Visual Studio Solution File, Format Version 12.00
# Visual Studio Version 17
VisualStudioVersion = 17.0.31903.59
MinimumVisualStudioVersion = 10.0.40219.1
Project("{FAE04EC0-301F-11D3-BF4B-00C04F79EFBC}") = "Common", "Common\Common.csproj", "{5E476252-7D95-42F8-A3DB-0AF6DABB0CE8}"
EndProject
Project("{FAE04EC0-301F-11D3-BF4B-00C04F79EFBC}") = "ScannerTest", "ScannerTest\ScannerTest.csproj", "{12937A90-0907-4F45-B3E2-ECA5E5E9EA36}"
EndProject
Global
	GlobalSection(SolutionConfigurationPlatforms) = preSolution
		Debug|Any CPU = Debug|Any CPU
		Release|Any CPU = Release|Any CPU
	EndGlobalSection
	GlobalSection(SolutionProperties) = preSolution
		HideSolutionNode = FALSE
	EndGlobalSection
	GlobalSection(ProjectConfigurationPlatforms) = postSolution
		{5E476252-7D95-42F8-A3DB-0AF6DABB0CE8}.Debug|Any CPU.ActiveCfg = Debug|Any CPU
		{5E476252-7D95-42F8-A3DB-0AF6DABB0CE8}.Debug|Any CPU.Build.0 = Debug|Any CPU
		{5E476252-7D95-42F8-A3DB-0AF6DABB0CE8}.Release|Any CPU.ActiveCfg = Release|Any CPU
		{5E476252-7D95-42F8-A3DB-0AF6DABB0CE8}.Release|Any CPU.Build.0 = Release|Any CPU
		{12937A90-0907-4F45-B3E2-ECA5E5E9EA36}.Debug|Any CPU.ActiveCfg = Debug|Any CPU
		{12937A90-0907-4F45-B3E2-ECA5E5E9EA36}.Debug|Any CPU.Build.0 = Debug|Any CPU
		{12937A90-0907-4F45-B3E2-ECA5E5E9EA36}.Release|Any CPU.ActiveCfg = Release|Any CPU
		{12937A90-0907-4F45-B3E2-ECA5E5E9EA36}.Release|Any CPU.Build.0 = Release|Any CPU
	EndGlobalSection
EndGlobal
