
Microsoft Visual Studio Solution File, Format Version 12.00
# Visual Studio Version 17
VisualStudioVersion = 17.0.31903.59
MinimumVisualStudioVersion = 10.0.40219.1
Project("{FAE04EC0-301F-11D3-BF4B-00C04F79EFBC}") = "Common", "Common\Common.csproj", "{298004C5-1A34-4A8F-BEB4-08F108D421A1}"
EndProject
Project("{FAE04EC0-301F-11D3-BF4B-00C04F79EFBC}") = "CommonTests", "CommonTests\CommonTests.csproj", "{9B3D63E1-D941-4262-8857-4F15386E352E}"
EndProject
Project("{2150E333-8FDC-42A3-9474-1A3956D46DE8}") = "SmallLang", "SmallLang", "{3F373FFC-AC4E-AD95-307C-6E33F7C8495C}"
EndProject
Project("{FAE04EC0-301F-11D3-BF4B-00C04F79EFBC}") = "Codegen", "SmallLang\Codegen\Codegen.csproj", "{B294D117-ACB9-4E82-80F5-B0A8C5A8444D}"
EndProject
Project("{FAE04EC0-301F-11D3-BF4B-00C04F79EFBC}") = "Drivers", "SmallLang\Drivers\Drivers.csproj", "{66608382-5C95-4ED4-8946-266404412942}"
EndProject
Project("{FAE04EC0-301F-11D3-BF4B-00C04F79EFBC}") = "Exceptions", "SmallLang\Exceptions\Exceptions.csproj", "{3D586B75-670D-4090-B3E0-7B92DA1C6C64}"
EndProject
Project("{FAE04EC0-301F-11D3-BF4B-00C04F79EFBC}") = "IR", "SmallLang\IR\IR.csproj", "{01932F14-8848-411B-9E62-86E44F5CD633}"
EndProject
Project("{FAE04EC0-301F-11D3-BF4B-00C04F79EFBC}") = "Parser", "SmallLang\Parser\Parser.csproj", "{3E34B82B-4FB1-4C27-9432-3A6452761D3C}"
EndProject
Project("{FAE04EC0-301F-11D3-BF4B-00C04F79EFBC}") = "SmallLangTest", "SmallLangTest\SmallLangTest.csproj", "{43A2613C-254E-4BFD-BCA7-71BCBB4C94DF}"
EndProject
Project("{FAE04EC0-301F-11D3-BF4B-00C04F79EFBC}") = "RunStuff", "RunStuff\RunStuff.csproj", "{F00B7403-315F-4AC7-87FE-F013F786A79D}"
EndProject
Global
	GlobalSection(SolutionConfigurationPlatforms) = preSolution
		Debug|Any CPU = Debug|Any CPU
		Debug|x64 = Debug|x64
		Debug|x86 = Debug|x86
		Release|Any CPU = Release|Any CPU
		Release|x64 = Release|x64
		Release|x86 = Release|x86
	EndGlobalSection
	GlobalSection(ProjectConfigurationPlatforms) = postSolution
		{298004C5-1A34-4A8F-BEB4-08F108D421A1}.Debug|Any CPU.ActiveCfg = Debug|Any CPU
		{298004C5-1A34-4A8F-BEB4-08F108D421A1}.Debug|Any CPU.Build.0 = Debug|Any CPU
		{298004C5-1A34-4A8F-BEB4-08F108D421A1}.Debug|x64.ActiveCfg = Debug|Any CPU
		{298004C5-1A34-4A8F-BEB4-08F108D421A1}.Debug|x64.Build.0 = Debug|Any CPU
		{298004C5-1A34-4A8F-BEB4-08F108D421A1}.Debug|x86.ActiveCfg = Debug|Any CPU
		{298004C5-1A34-4A8F-BEB4-08F108D421A1}.Debug|x86.Build.0 = Debug|Any CPU
		{298004C5-1A34-4A8F-BEB4-08F108D421A1}.Release|Any CPU.ActiveCfg = Release|Any CPU
		{298004C5-1A34-4A8F-BEB4-08F108D421A1}.Release|Any CPU.Build.0 = Release|Any CPU
		{298004C5-1A34-4A8F-BEB4-08F108D421A1}.Release|x64.ActiveCfg = Release|Any CPU
		{298004C5-1A34-4A8F-BEB4-08F108D421A1}.Release|x64.Build.0 = Release|Any CPU
		{298004C5-1A34-4A8F-BEB4-08F108D421A1}.Release|x86.ActiveCfg = Release|Any CPU
		{298004C5-1A34-4A8F-BEB4-08F108D421A1}.Release|x86.Build.0 = Release|Any CPU
		{9B3D63E1-D941-4262-8857-4F15386E352E}.Debug|Any CPU.ActiveCfg = Debug|Any CPU
		{9B3D63E1-D941-4262-8857-4F15386E352E}.Debug|Any CPU.Build.0 = Debug|Any CPU
		{9B3D63E1-D941-4262-8857-4F15386E352E}.Debug|x64.ActiveCfg = Debug|Any CPU
		{9B3D63E1-D941-4262-8857-4F15386E352E}.Debug|x64.Build.0 = Debug|Any CPU
		{9B3D63E1-D941-4262-8857-4F15386E352E}.Debug|x86.ActiveCfg = Debug|Any CPU
		{9B3D63E1-D941-4262-8857-4F15386E352E}.Debug|x86.Build.0 = Debug|Any CPU
		{9B3D63E1-D941-4262-8857-4F15386E352E}.Release|Any CPU.ActiveCfg = Release|Any CPU
		{9B3D63E1-D941-4262-8857-4F15386E352E}.Release|Any CPU.Build.0 = Release|Any CPU
		{9B3D63E1-D941-4262-8857-4F15386E352E}.Release|x64.ActiveCfg = Release|Any CPU
		{9B3D63E1-D941-4262-8857-4F15386E352E}.Release|x64.Build.0 = Release|Any CPU
		{9B3D63E1-D941-4262-8857-4F15386E352E}.Release|x86.ActiveCfg = Release|Any CPU
		{9B3D63E1-D941-4262-8857-4F15386E352E}.Release|x86.Build.0 = Release|Any CPU
		{B294D117-ACB9-4E82-80F5-B0A8C5A8444D}.Debug|Any CPU.ActiveCfg = Debug|Any CPU
		{B294D117-ACB9-4E82-80F5-B0A8C5A8444D}.Debug|Any CPU.Build.0 = Debug|Any CPU
		{B294D117-ACB9-4E82-80F5-B0A8C5A8444D}.Debug|x64.ActiveCfg = Debug|Any CPU
		{B294D117-ACB9-4E82-80F5-B0A8C5A8444D}.Debug|x64.Build.0 = Debug|Any CPU
		{B294D117-ACB9-4E82-80F5-B0A8C5A8444D}.Debug|x86.ActiveCfg = Debug|Any CPU
		{B294D117-ACB9-4E82-80F5-B0A8C5A8444D}.Debug|x86.Build.0 = Debug|Any CPU
		{B294D117-ACB9-4E82-80F5-B0A8C5A8444D}.Release|Any CPU.ActiveCfg = Release|Any CPU
		{B294D117-ACB9-4E82-80F5-B0A8C5A8444D}.Release|Any CPU.Build.0 = Release|Any CPU
		{B294D117-ACB9-4E82-80F5-B0A8C5A8444D}.Release|x64.ActiveCfg = Release|Any CPU
		{B294D117-ACB9-4E82-80F5-B0A8C5A8444D}.Release|x64.Build.0 = Release|Any CPU
		{B294D117-ACB9-4E82-80F5-B0A8C5A8444D}.Release|x86.ActiveCfg = Release|Any CPU
		{B294D117-ACB9-4E82-80F5-B0A8C5A8444D}.Release|x86.Build.0 = Release|Any CPU
		{66608382-5C95-4ED4-8946-266404412942}.Debug|Any CPU.ActiveCfg = Debug|Any CPU
		{66608382-5C95-4ED4-8946-266404412942}.Debug|Any CPU.Build.0 = Debug|Any CPU
		{66608382-5C95-4ED4-8946-266404412942}.Debug|x64.ActiveCfg = Debug|Any CPU
		{66608382-5C95-4ED4-8946-266404412942}.Debug|x64.Build.0 = Debug|Any CPU
		{66608382-5C95-4ED4-8946-266404412942}.Debug|x86.ActiveCfg = Debug|Any CPU
		{66608382-5C95-4ED4-8946-266404412942}.Debug|x86.Build.0 = Debug|Any CPU
		{66608382-5C95-4ED4-8946-266404412942}.Release|Any CPU.ActiveCfg = Release|Any CPU
		{66608382-5C95-4ED4-8946-266404412942}.Release|Any CPU.Build.0 = Release|Any CPU
		{66608382-5C95-4ED4-8946-266404412942}.Release|x64.ActiveCfg = Release|Any CPU
		{66608382-5C95-4ED4-8946-266404412942}.Release|x64.Build.0 = Release|Any CPU
		{66608382-5C95-4ED4-8946-266404412942}.Release|x86.ActiveCfg = Release|Any CPU
		{66608382-5C95-4ED4-8946-266404412942}.Release|x86.Build.0 = Release|Any CPU
		{3D586B75-670D-4090-B3E0-7B92DA1C6C64}.Debug|Any CPU.ActiveCfg = Debug|Any CPU
		{3D586B75-670D-4090-B3E0-7B92DA1C6C64}.Debug|Any CPU.Build.0 = Debug|Any CPU
		{3D586B75-670D-4090-B3E0-7B92DA1C6C64}.Debug|x64.ActiveCfg = Debug|Any CPU
		{3D586B75-670D-4090-B3E0-7B92DA1C6C64}.Debug|x64.Build.0 = Debug|Any CPU
		{3D586B75-670D-4090-B3E0-7B92DA1C6C64}.Debug|x86.ActiveCfg = Debug|Any CPU
		{3D586B75-670D-4090-B3E0-7B92DA1C6C64}.Debug|x86.Build.0 = Debug|Any CPU
		{3D586B75-670D-4090-B3E0-7B92DA1C6C64}.Release|Any CPU.ActiveCfg = Release|Any CPU
		{3D586B75-670D-4090-B3E0-7B92DA1C6C64}.Release|Any CPU.Build.0 = Release|Any CPU
		{3D586B75-670D-4090-B3E0-7B92DA1C6C64}.Release|x64.ActiveCfg = Release|Any CPU
		{3D586B75-670D-4090-B3E0-7B92DA1C6C64}.Release|x64.Build.0 = Release|Any CPU
		{3D586B75-670D-4090-B3E0-7B92DA1C6C64}.Release|x86.ActiveCfg = Release|Any CPU
		{3D586B75-670D-4090-B3E0-7B92DA1C6C64}.Release|x86.Build.0 = Release|Any CPU
		{01932F14-8848-411B-9E62-86E44F5CD633}.Debug|Any CPU.ActiveCfg = Debug|Any CPU
		{01932F14-8848-411B-9E62-86E44F5CD633}.Debug|Any CPU.Build.0 = Debug|Any CPU
		{01932F14-8848-411B-9E62-86E44F5CD633}.Debug|x64.ActiveCfg = Debug|Any CPU
		{01932F14-8848-411B-9E62-86E44F5CD633}.Debug|x64.Build.0 = Debug|Any CPU
		{01932F14-8848-411B-9E62-86E44F5CD633}.Debug|x86.ActiveCfg = Debug|Any CPU
		{01932F14-8848-411B-9E62-86E44F5CD633}.Debug|x86.Build.0 = Debug|Any CPU
		{01932F14-8848-411B-9E62-86E44F5CD633}.Release|Any CPU.ActiveCfg = Release|Any CPU
		{01932F14-8848-411B-9E62-86E44F5CD633}.Release|Any CPU.Build.0 = Release|Any CPU
		{01932F14-8848-411B-9E62-86E44F5CD633}.Release|x64.ActiveCfg = Release|Any CPU
		{01932F14-8848-411B-9E62-86E44F5CD633}.Release|x64.Build.0 = Release|Any CPU
		{01932F14-8848-411B-9E62-86E44F5CD633}.Release|x86.ActiveCfg = Release|Any CPU
		{01932F14-8848-411B-9E62-86E44F5CD633}.Release|x86.Build.0 = Release|Any CPU
		{3E34B82B-4FB1-4C27-9432-3A6452761D3C}.Debug|Any CPU.ActiveCfg = Debug|Any CPU
		{3E34B82B-4FB1-4C27-9432-3A6452761D3C}.Debug|Any CPU.Build.0 = Debug|Any CPU
		{3E34B82B-4FB1-4C27-9432-3A6452761D3C}.Debug|x64.ActiveCfg = Debug|Any CPU
		{3E34B82B-4FB1-4C27-9432-3A6452761D3C}.Debug|x64.Build.0 = Debug|Any CPU
		{3E34B82B-4FB1-4C27-9432-3A6452761D3C}.Debug|x86.ActiveCfg = Debug|Any CPU
		{3E34B82B-4FB1-4C27-9432-3A6452761D3C}.Debug|x86.Build.0 = Debug|Any CPU
		{3E34B82B-4FB1-4C27-9432-3A6452761D3C}.Release|Any CPU.ActiveCfg = Release|Any CPU
		{3E34B82B-4FB1-4C27-9432-3A6452761D3C}.Release|Any CPU.Build.0 = Release|Any CPU
		{3E34B82B-4FB1-4C27-9432-3A6452761D3C}.Release|x64.ActiveCfg = Release|Any CPU
		{3E34B82B-4FB1-4C27-9432-3A6452761D3C}.Release|x64.Build.0 = Release|Any CPU
		{3E34B82B-4FB1-4C27-9432-3A6452761D3C}.Release|x86.ActiveCfg = Release|Any CPU
		{3E34B82B-4FB1-4C27-9432-3A6452761D3C}.Release|x86.Build.0 = Release|Any CPU
		{43A2613C-254E-4BFD-BCA7-71BCBB4C94DF}.Debug|Any CPU.ActiveCfg = Debug|Any CPU
		{43A2613C-254E-4BFD-BCA7-71BCBB4C94DF}.Debug|Any CPU.Build.0 = Debug|Any CPU
		{43A2613C-254E-4BFD-BCA7-71BCBB4C94DF}.Debug|x64.ActiveCfg = Debug|Any CPU
		{43A2613C-254E-4BFD-BCA7-71BCBB4C94DF}.Debug|x64.Build.0 = Debug|Any CPU
		{43A2613C-254E-4BFD-BCA7-71BCBB4C94DF}.Debug|x86.ActiveCfg = Debug|Any CPU
		{43A2613C-254E-4BFD-BCA7-71BCBB4C94DF}.Debug|x86.Build.0 = Debug|Any CPU
		{43A2613C-254E-4BFD-BCA7-71BCBB4C94DF}.Release|Any CPU.ActiveCfg = Release|Any CPU
		{43A2613C-254E-4BFD-BCA7-71BCBB4C94DF}.Release|Any CPU.Build.0 = Release|Any CPU
		{43A2613C-254E-4BFD-BCA7-71BCBB4C94DF}.Release|x64.ActiveCfg = Release|Any CPU
		{43A2613C-254E-4BFD-BCA7-71BCBB4C94DF}.Release|x64.Build.0 = Release|Any CPU
		{43A2613C-254E-4BFD-BCA7-71BCBB4C94DF}.Release|x86.ActiveCfg = Release|Any CPU
		{43A2613C-254E-4BFD-BCA7-71BCBB4C94DF}.Release|x86.Build.0 = Release|Any CPU
		{F00B7403-315F-4AC7-87FE-F013F786A79D}.Debug|Any CPU.ActiveCfg = Debug|Any CPU
		{F00B7403-315F-4AC7-87FE-F013F786A79D}.Debug|Any CPU.Build.0 = Debug|Any CPU
		{F00B7403-315F-4AC7-87FE-F013F786A79D}.Debug|x64.ActiveCfg = Debug|Any CPU
		{F00B7403-315F-4AC7-87FE-F013F786A79D}.Debug|x64.Build.0 = Debug|Any CPU
		{F00B7403-315F-4AC7-87FE-F013F786A79D}.Debug|x86.ActiveCfg = Debug|Any CPU
		{F00B7403-315F-4AC7-87FE-F013F786A79D}.Debug|x86.Build.0 = Debug|Any CPU
		{F00B7403-315F-4AC7-87FE-F013F786A79D}.Release|Any CPU.ActiveCfg = Release|Any CPU
		{F00B7403-315F-4AC7-87FE-F013F786A79D}.Release|Any CPU.Build.0 = Release|Any CPU
		{F00B7403-315F-4AC7-87FE-F013F786A79D}.Release|x64.ActiveCfg = Release|Any CPU
		{F00B7403-315F-4AC7-87FE-F013F786A79D}.Release|x64.Build.0 = Release|Any CPU
		{F00B7403-315F-4AC7-87FE-F013F786A79D}.Release|x86.ActiveCfg = Release|Any CPU
		{F00B7403-315F-4AC7-87FE-F013F786A79D}.Release|x86.Build.0 = Release|Any CPU
	EndGlobalSection
	GlobalSection(SolutionProperties) = preSolution
		HideSolutionNode = FALSE
	EndGlobalSection
	GlobalSection(NestedProjects) = preSolution
		{B294D117-ACB9-4E82-80F5-B0A8C5A8444D} = {3F373FFC-AC4E-AD95-307C-6E33F7C8495C}
		{66608382-5C95-4ED4-8946-266404412942} = {3F373FFC-AC4E-AD95-307C-6E33F7C8495C}
		{3D586B75-670D-4090-B3E0-7B92DA1C6C64} = {3F373FFC-AC4E-AD95-307C-6E33F7C8495C}
		{01932F14-8848-411B-9E62-86E44F5CD633} = {3F373FFC-AC4E-AD95-307C-6E33F7C8495C}
		{3E34B82B-4FB1-4C27-9432-3A6452761D3C} = {3F373FFC-AC4E-AD95-307C-6E33F7C8495C}
	EndGlobalSection
EndGlobal
