
Microsoft Visual Studio Solution File, Format Version 12.00
# Visual Studio Version 17
VisualStudioVersion = 17.0.31903.59
MinimumVisualStudioVersion = 10.0.40219.1
Project("{FAE04EC0-301F-11D3-BF4B-00C04F79EFBC}") = "Common", "..\CommonAndTest\Common\Common.csproj", "{FC705CE8-8A23-4535-BD8C-2BD630100681}"
EndProject
Project("{FAE04EC0-301F-11D3-BF4B-00C04F79EFBC}") = "Parser", "Parser\Parser.csproj", "{22948518-E357-4B41-898D-EF81DC3CC393}"
EndProject
Project("{FAE04EC0-301F-11D3-BF4B-00C04F79EFBC}") = "ParserTest", "ParserTest\ParserTest.csproj", "{5EECEB70-B8C4-443A-B4A8-18662C8BB2EE}"
EndProject
Project("{FAE04EC0-301F-11D3-BF4B-00C04F79EFBC}") = "IRs", "IRs\IRs.csproj", "{F8440479-EA99-4000-AC1C-BCFB3916AD00}"
EndProject
Project("{FAE04EC0-301F-11D3-BF4B-00C04F79EFBC}") = "IRsTest", "IRsTest\IRsTest.csproj", "{7186F7D8-BEDD-4339-9E6E-FE40BA478461}"
EndProject
Global
	GlobalSection(SolutionConfigurationPlatforms) = preSolution
		Debug|Any CPU = Debug|Any CPU
		Release|Any CPU = Release|Any CPU
	EndGlobalSection
	GlobalSection(SolutionProperties) = preSolution
		HideSolutionNode = FALSE
	EndGlobalSection
	GlobalSection(ProjectConfigurationPlatforms) = postSolution
		{FC705CE8-8A23-4535-BD8C-2BD630100681}.Debug|Any CPU.ActiveCfg = Debug|Any CPU
		{FC705CE8-8A23-4535-BD8C-2BD630100681}.Debug|Any CPU.Build.0 = Debug|Any CPU
		{FC705CE8-8A23-4535-BD8C-2BD630100681}.Release|Any CPU.ActiveCfg = Release|Any CPU
		{FC705CE8-8A23-4535-BD8C-2BD630100681}.Release|Any CPU.Build.0 = Release|Any CPU
		{22948518-E357-4B41-898D-EF81DC3CC393}.Debug|Any CPU.ActiveCfg = Debug|Any CPU
		{22948518-E357-4B41-898D-EF81DC3CC393}.Debug|Any CPU.Build.0 = Debug|Any CPU
		{22948518-E357-4B41-898D-EF81DC3CC393}.Release|Any CPU.ActiveCfg = Release|Any CPU
		{22948518-E357-4B41-898D-EF81DC3CC393}.Release|Any CPU.Build.0 = Release|Any CPU
		{5EECEB70-B8C4-443A-B4A8-18662C8BB2EE}.Debug|Any CPU.ActiveCfg = Debug|Any CPU
		{5EECEB70-B8C4-443A-B4A8-18662C8BB2EE}.Debug|Any CPU.Build.0 = Debug|Any CPU
		{5EECEB70-B8C4-443A-B4A8-18662C8BB2EE}.Release|Any CPU.ActiveCfg = Release|Any CPU
		{5EECEB70-B8C4-443A-B4A8-18662C8BB2EE}.Release|Any CPU.Build.0 = Release|Any CPU
		{F8440479-EA99-4000-AC1C-BCFB3916AD00}.Debug|Any CPU.ActiveCfg = Debug|Any CPU
		{F8440479-EA99-4000-AC1C-BCFB3916AD00}.Debug|Any CPU.Build.0 = Debug|Any CPU
		{F8440479-EA99-4000-AC1C-BCFB3916AD00}.Release|Any CPU.ActiveCfg = Release|Any CPU
		{F8440479-EA99-4000-AC1C-BCFB3916AD00}.Release|Any CPU.Build.0 = Release|Any CPU
		{F271EFE7-A950-435F-BFDA-D9A03BCEBFBA}.Debug|Any CPU.ActiveCfg = Debug|Any CPU
		{F271EFE7-A950-435F-BFDA-D9A03BCEBFBA}.Debug|Any CPU.Build.0 = Debug|Any CPU
		{F271EFE7-A950-435F-BFDA-D9A03BCEBFBA}.Release|Any CPU.ActiveCfg = Release|Any CPU
		{F271EFE7-A950-435F-BFDA-D9A03BCEBFBA}.Release|Any CPU.Build.0 = Release|Any CPU
		{7186F7D8-BEDD-4339-9E6E-FE40BA478461}.Debug|Any CPU.ActiveCfg = Debug|Any CPU
		{7186F7D8-BEDD-4339-9E6E-FE40BA478461}.Debug|Any CPU.Build.0 = Debug|Any CPU
		{7186F7D8-BEDD-4339-9E6E-FE40BA478461}.Release|Any CPU.ActiveCfg = Release|Any CPU
		{7186F7D8-BEDD-4339-9E6E-FE40BA478461}.Release|Any CPU.Build.0 = Release|Any CPU
		{0524B3E2-14D1-4FDE-8E4B-D8C969656C88}.Debug|Any CPU.ActiveCfg = Debug|Any CPU
		{0524B3E2-14D1-4FDE-8E4B-D8C969656C88}.Debug|Any CPU.Build.0 = Debug|Any CPU
		{0524B3E2-14D1-4FDE-8E4B-D8C969656C88}.Release|Any CPU.ActiveCfg = Release|Any CPU
		{0524B3E2-14D1-4FDE-8E4B-D8C969656C88}.Release|Any CPU.Build.0 = Release|Any CPU
	EndGlobalSection
EndGlobal
